
Microsoft Visual Studio Solution File, Format Version 12.00
# Visual Studio Version 17
VisualStudioVersion = 17.14.36518.9 d17.14
MinimumVisualStudioVersion = 10.0.40219.1
Project("{FAE04EC0-301F-11D3-BF4B-00C04F79EFBC}") = "TruongMinhTri_2123110137", "TruongMinhTri_2123110137\TruongMinhTri_2123110137.csproj", "{7F930AF6-E63D-4F09-9CCD-54CCD9F71EA9}"
EndProject
Global
	GlobalSection(SolutionConfigurationPlatforms) = preSolution
		Debug|Any CPU = Debug|Any CPU
		Release|Any CPU = Release|Any CPU
	EndGlobalSection
	GlobalSection(ProjectConfigurationPlatforms) = postSolution
		{7F930AF6-E63D-4F09-9CCD-54CCD9F71EA9}.Debug|Any CPU.ActiveCfg = Debug|Any CPU
		{7F930AF6-E63D-4F09-9CCD-54CCD9F71EA9}.Debug|Any CPU.Build.0 = Debug|Any CPU
		{7F930AF6-E63D-4F09-9CCD-54CCD9F71EA9}.Release|Any CPU.ActiveCfg = Release|Any CPU
		{7F930AF6-E63D-4F09-9CCD-54CCD9F71EA9}.Release|Any CPU.Build.0 = Release|Any CPU
	EndGlobalSection
	GlobalSection(SolutionProperties) = preSolution
		HideSolutionNode = FALSE
	EndGlobalSection
	GlobalSection(ExtensibilityGlobals) = postSolution
		SolutionGuid = {96470A64-E426-43D6-9B93-6D769B4825E0}
	EndGlobalSection
EndGlobal
